<?xml version="1.0" encoding="utf-8"?>
<Project ToolsVersion="4.0" xmlns="http://schemas.microsoft.com/developer/msbuild/2003">
  <ItemGroup>
    <Filter Include="Source Files">
      <UniqueIdentifier>{4FC737F1-C7A5-4376-A066-2A32D752A2FF}</UniqueIdentifier>
      <Extensions>cpp;c;cc;cxx;def;odl;idl;hpj;bat;asm;asmx</Extensions>
    </Filter>
    <Filter Include="Header Files">
      <UniqueIdentifier>{93995380-89BD-4b04-88EB-625FBE52EBFB}</UniqueIdentifier>
      <Extensions>h;hh;hpp;hxx;hm;inl;inc;xsd</Extensions>
    </Filter>
    <Filter Include="Resource Files">
      <UniqueIdentifier>{67DA6AB6-F800-4c08-8B7A-83BB121AAD01}</UniqueIdentifier>
      <Extensions>rc;ico;cur;bmp;dlg;rc2;rct;bin;rgs;gif;jpg;jpeg;jpe;resx;tiff;tif;png;wav;mfcribbon-ms</Extensions>
    </Filter>
    <Filter Include="Header Files\GameState">
      <UniqueIdentifier>{f98062c0-ddd2-4df7-8b1e-855dc0ac7620}</UniqueIdentifier>
    </Filter>
    <Filter Include="Source Files\GameState">
      <UniqueIdentifier>{010c942a-a151-4c73-a964-789805185745}</UniqueIdentifier>
    </Filter>
    <Filter Include="Header Files\App2D">
      <UniqueIdentifier>{ef47e7b2-2a76-404a-abd5-2901371c2320}</UniqueIdentifier>
    </Filter>
    <Filter Include="Source Files\App2D">
      <UniqueIdentifier>{a52e465e-90dd-450a-9ffc-6d7f9eb4f9a5}</UniqueIdentifier>
    </Filter>
    <Filter Include="Header Files\BoundingShapes">
      <UniqueIdentifier>{2a0cf300-d5c1-44d1-93a4-9b31d88a7248}</UniqueIdentifier>
    </Filter>
    <Filter Include="Source Files\BoundingShapes">
      <UniqueIdentifier>{94972afb-f085-4bef-890a-7e1291176778}</UniqueIdentifier>
    </Filter>
    <Filter Include="Header Files\States">
      <UniqueIdentifier>{f680a2ef-e790-4ccd-8e60-591dcde9a716}</UniqueIdentifier>
    </Filter>
    <Filter Include="Source Files\States">
      <UniqueIdentifier>{5fb29954-3a27-42f8-8aa5-22dd764fbfc6}</UniqueIdentifier>
    </Filter>
    <Filter Include="Header Files\CustomContainers">
      <UniqueIdentifier>{5fcf280d-52db-4f20-89e5-9ac2975f9943}</UniqueIdentifier>
    </Filter>
  </ItemGroup>
  <ItemGroup>
    <ClCompile Include="GameState.cpp">
      <Filter>Source Files\GameState</Filter>
    </ClCompile>
    <ClCompile Include="GameStateManager.cpp">
      <Filter>Source Files\GameState</Filter>
    </ClCompile>
    <ClCompile Include="Application2D.cpp">
      <Filter>Source Files\App2D</Filter>
    </ClCompile>
    <ClCompile Include="main.cpp">
      <Filter>Source Files\App2D</Filter>
    </ClCompile>
    <ClCompile Include="SplashState.cpp">
      <Filter>Source Files\States</Filter>
    </ClCompile>
    <ClCompile Include="MenuState.cpp">
      <Filter>Source Files\States</Filter>
    </ClCompile>
    <ClCompile Include="LoadingState.cpp">
      <Filter>Source Files\States</Filter>
    </ClCompile>
    <ClCompile Include="InGameState.cpp">
      <Filter>Source Files\States</Filter>
    </ClCompile>
    <ClCompile Include="PauseState.cpp">
      <Filter>Source Files\States</Filter>
    </ClCompile>
    <ClCompile Include="OptionsState.cpp">
      <Filter>Source Files\States</Filter>
    </ClCompile>
    <ClCompile Include="AABB_Cube.cpp">
      <Filter>Source Files\BoundingShapes</Filter>
    </ClCompile>
    <ClCompile Include="BoundingShapes.cpp">
      <Filter>Source Files\BoundingShapes</Filter>
    </ClCompile>
    <ClCompile Include="Circle.cpp">
      <Filter>Source Files\BoundingShapes</Filter>
    </ClCompile>
    <ClCompile Include="Plane.cpp">
      <Filter>Source Files\BoundingShapes</Filter>
    </ClCompile>
  </ItemGroup>
  <ItemGroup>
    <ClInclude Include="SplashState.h">
      <Filter>Header Files\States</Filter>
    </ClInclude>
    <ClInclude Include="MenuState.h">
      <Filter>Header Files\States</Filter>
    </ClInclude>
    <ClInclude Include="LoadingState.h">
      <Filter>Header Files\States</Filter>
    </ClInclude>
    <ClInclude Include="InGameState.h">
      <Filter>Header Files\States</Filter>
    </ClInclude>
    <ClInclude Include="Application2D.h">
      <Filter>Header Files\App2D</Filter>
    </ClInclude>
    <ClInclude Include="GameStateManager.h">
      <Filter>Header Files\GameState</Filter>
    </ClInclude>
    <ClInclude Include="GameState.h">
      <Filter>Header Files\GameState</Filter>
    </ClInclude>
    <ClInclude Include="PauseState.h">
      <Filter>Header Files\States</Filter>
    </ClInclude>
    <ClInclude Include="OptionsState.h">
      <Filter>Header Files\States</Filter>
    </ClInclude>
    <ClInclude Include="AABB_Cube.h">
      <Filter>Header Files\BoundingShapes</Filter>
    </ClInclude>
    <ClInclude Include="BoundingShapes.h">
      <Filter>Header Files\BoundingShapes</Filter>
    </ClInclude>
    <ClInclude Include="Circle.h">
      <Filter>Header Files\BoundingShapes</Filter>
    </ClInclude>
    <ClInclude Include="Plane.h">
      <Filter>Header Files\BoundingShapes</Filter>
    </ClInclude>
    <ClInclude Include="SpriteObject.h">
      <Filter>Header Files\CustomContainers</Filter>
    </ClInclude>
  </ItemGroup>
</Project>